{
  "name": "dsa",
  "version": "1.0.0",
  "lockfileVersion": 1,
  "requires": true,
  "dependencies": {
    "@datastructures-js/heap": {
      "version": "4.1.2",
      "resolved": "https://registry.npmjs.org/@datastructures-js/heap/-/heap-4.1.2.tgz",
      "integrity": "sha512-Dl6MPPVXxzWsSQxIaV0sOpAx/B8r7RYUO5/GWe7GhG9v9P4QfZ1cgPSq+SoF0QJFhu9G9TmtPfRLHPWzL73GpQ=="
    },
    "@datastructures-js/priority-queue": {
      "version": "6.1.4",
      "resolved": "https://registry.npmjs.org/@datastructures-js/priority-queue/-/priority-queue-6.1.4.tgz",
      "integrity": "sha512-bYjnSSxrLjfrlnKeUID7sEzHbbtb8ENLhT/jQ4VoKTDUrJfupHr7cuaUtSFEQS1AsRCDQSaTgaNwmF8FUs9dwQ==",
      "requires": {
        "@datastructures-js/heap": "^4.1.2"
      }
    },
    "inherits": {
      "version": "2.0.4",
      "resolved": "https://registry.npmjs.org/inherits/-/inherits-2.0.4.tgz",
      "integrity": "sha512-k/vGaX4/Yla3WzyMCvTQOXYeIHvqOKtnqBduzTHpzpQZzAskKMhZ2K+EnBiSM9zGSoIFeMpXKxa4dYeZIQqewQ=="
    },
    "queue": {
      "version": "6.0.2",
      "resolved": "https://registry.npmjs.org/queue/-/queue-6.0.2.tgz",
      "integrity": "sha512-iHZWu+q3IdFZFX36ro/lKBkSvfkztY5Y7HMiPlOUjhupPcG2JMfst2KKEpu5XndviX/3UhFbRngUPNKtgvtZiA==",
      "requires": {
        "inherits": "~2.0.3"
      }
    }
  }
}
